// !$*UTF8*$!
{
	archiveVersion = 1;
	classes = {
	};
	objectVersion = 56;
	objects = {

/* Begin PBXBuildFile section */
		6741B9BA2953B1B800AF206A /* AppDelegate.swift in Sources */ = {isa = PBXBuildFile; fileRef = 6741B9B92953B1B800AF206A /* AppDelegate.swift */; };
		6741B9BE2953B1B800AF206A /* AuthViewController.swift in Sources */ = {isa = PBXBuildFile; fileRef = 6741B9BD2953B1B800AF206A /* AuthViewController.swift */; };
		6741B9C32953B1BA00AF206A /* Assets.xcassets in Resources */ = {isa = PBXBuildFile; fileRef = 6741B9C22953B1BA00AF206A /* Assets.xcassets */; };
		6741B9C62953B1BA00AF206A /* LaunchScreen.storyboard in Resources */ = {isa = PBXBuildFile; fileRef = 6741B9C42953B1BA00AF206A /* LaunchScreen.storyboard */; };
		677381CC2954E9A800B134B6 /* String + Extention.swift in Sources */ = {isa = PBXBuildFile; fileRef = 677381CB2954E9A800B134B6 /* String + Extention.swift */; };
		677381CF295725D300B134B6 /* UserDefeultsManager.swift in Sources */ = {isa = PBXBuildFile; fileRef = 677381CE295725D300B134B6 /* UserDefeultsManager.swift */; };
		677381D2295726CE00B134B6 /* UserModel.swift in Sources */ = {isa = PBXBuildFile; fileRef = 677381D1295726CE00B134B6 /* UserModel.swift */; };
		67A3E3152953CECA0081F3A1 /* AlbumsViewController.swift in Sources */ = {isa = PBXBuildFile; fileRef = 67A3E3142953CECA0081F3A1 /* AlbumsViewController.swift */; };
		67A3E3172953CEE40081F3A1 /* DetailAlbumViewController.swift in Sources */ = {isa = PBXBuildFile; fileRef = 67A3E3162953CEE40081F3A1 /* DetailAlbumViewController.swift */; };
		67A3E3192953CEFF0081F3A1 /* SignUpViewController.swift in Sources */ = {isa = PBXBuildFile; fileRef = 67A3E3182953CEFF0081F3A1 /* SignUpViewController.swift */; };
		67A3E31B2953CF170081F3A1 /* UserInfoViewController.swift in Sources */ = {isa = PBXBuildFile; fileRef = 67A3E31A2953CF170081F3A1 /* UserInfoViewController.swift */; };
		67A3E31D2953CF4C0081F3A1 /* AlbumsTableViewCell.swift in Sources */ = {isa = PBXBuildFile; fileRef = 67A3E31C2953CF4C0081F3A1 /* AlbumsTableViewCell.swift */; };
		67A3E31F2953CF680081F3A1 /* SongsCollectionViewCell.swift in Sources */ = {isa = PBXBuildFile; fileRef = 67A3E31E2953CF680081F3A1 /* SongsCollectionViewCell.swift */; };
		67CD461F29543D50001F74AF /* SceneDelegate.swift in Sources */ = {isa = PBXBuildFile; fileRef = 67CD461E29543D50001F74AF /* SceneDelegate.swift */; };
		67CD465529544B55001F74AF /* UIStackView + Extension.swift in Sources */ = {isa = PBXBuildFile; fileRef = 67CD465429544B55001F74AF /* UIStackView + Extension.swift */; };
		67CD465729544B6B001F74AF /* UIViewController + Extension.swift in Sources */ = {isa = PBXBuildFile; fileRef = 67CD465629544B6B001F74AF /* UIViewController + Extension.swift */; };
		E261857C21D3B874576EFA9A /* libPods-RegisterAppTest.a in Frameworks */ = {isa = PBXBuildFile; fileRef = 3D96C584FB607FCD6D00EF2F /* libPods-RegisterAppTest.a */; };
/* End PBXBuildFile section */

/* Begin PBXFileReference section */
		2312AF7532AED0490F1FCC98 /* Pods-RegisterAppTest.debug.xcconfig */ = {isa = PBXFileReference; includeInIndex = 1; lastKnownFileType = text.xcconfig; name = "Pods-RegisterAppTest.debug.xcconfig"; path = "Target Support Files/Pods-RegisterAppTest/Pods-RegisterAppTest.debug.xcconfig"; sourceTree = "<group>"; };
		3D96C584FB607FCD6D00EF2F /* libPods-RegisterAppTest.a */ = {isa = PBXFileReference; explicitFileType = archive.ar; includeInIndex = 0; path = "libPods-RegisterAppTest.a"; sourceTree = BUILT_PRODUCTS_DIR; };
		6741B9B62953B1B800AF206A /* RegisterAppTest.app */ = {isa = PBXFileReference; explicitFileType = wrapper.application; includeInIndex = 0; path = RegisterAppTest.app; sourceTree = BUILT_PRODUCTS_DIR; };
		6741B9B92953B1B800AF206A /* AppDelegate.swift */ = {isa = PBXFileReference; lastKnownFileType = sourcecode.swift; path = AppDelegate.swift; sourceTree = "<group>"; };
		6741B9BD2953B1B800AF206A /* AuthViewController.swift */ = {isa = PBXFileReference; lastKnownFileType = sourcecode.swift; path = AuthViewController.swift; sourceTree = "<group>"; };
		6741B9C22953B1BA00AF206A /* Assets.xcassets */ = {isa = PBXFileReference; lastKnownFileType = folder.assetcatalog; path = Assets.xcassets; sourceTree = "<group>"; };
		6741B9C52953B1BA00AF206A /* Base */ = {isa = PBXFileReference; lastKnownFileType = file.storyboard; name = Base; path = Base.lproj/LaunchScreen.storyboard; sourceTree = "<group>"; };
		6741B9C72953B1BA00AF206A /* Info.plist */ = {isa = PBXFileReference; lastKnownFileType = text.plist.xml; path = Info.plist; sourceTree = "<group>"; };
		677381CB2954E9A800B134B6 /* String + Extention.swift */ = {isa = PBXFileReference; lastKnownFileType = sourcecode.swift; path = "String + Extention.swift"; sourceTree = "<group>"; };
		677381CE295725D300B134B6 /* UserDefeultsManager.swift */ = {isa = PBXFileReference; lastKnownFileType = sourcecode.swift; path = UserDefeultsManager.swift; sourceTree = "<group>"; };
		677381D1295726CE00B134B6 /* UserModel.swift */ = {isa = PBXFileReference; lastKnownFileType = sourcecode.swift; path = UserModel.swift; sourceTree = "<group>"; };
		67A3E3142953CECA0081F3A1 /* AlbumsViewController.swift */ = {isa = PBXFileReference; lastKnownFileType = sourcecode.swift; path = AlbumsViewController.swift; sourceTree = "<group>"; };
		67A3E3162953CEE40081F3A1 /* DetailAlbumViewController.swift */ = {isa = PBXFileReference; lastKnownFileType = sourcecode.swift; path = DetailAlbumViewController.swift; sourceTree = "<group>"; };
		67A3E3182953CEFF0081F3A1 /* SignUpViewController.swift */ = {isa = PBXFileReference; lastKnownFileType = sourcecode.swift; path = SignUpViewController.swift; sourceTree = "<group>"; };
		67A3E31A2953CF170081F3A1 /* UserInfoViewController.swift */ = {isa = PBXFileReference; lastKnownFileType = sourcecode.swift; path = UserInfoViewController.swift; sourceTree = "<group>"; };
		67A3E31C2953CF4C0081F3A1 /* AlbumsTableViewCell.swift */ = {isa = PBXFileReference; lastKnownFileType = sourcecode.swift; path = AlbumsTableViewCell.swift; sourceTree = "<group>"; };
		67A3E31E2953CF680081F3A1 /* SongsCollectionViewCell.swift */ = {isa = PBXFileReference; lastKnownFileType = sourcecode.swift; path = SongsCollectionViewCell.swift; sourceTree = "<group>"; };
		67CD461E29543D50001F74AF /* SceneDelegate.swift */ = {isa = PBXFileReference; lastKnownFileType = sourcecode.swift; path = SceneDelegate.swift; sourceTree = "<group>"; };
		67CD465429544B55001F74AF /* UIStackView + Extension.swift */ = {isa = PBXFileReference; lastKnownFileType = sourcecode.swift; path = "UIStackView + Extension.swift"; sourceTree = "<group>"; };
		67CD465629544B6B001F74AF /* UIViewController + Extension.swift */ = {isa = PBXFileReference; lastKnownFileType = sourcecode.swift; path = "UIViewController + Extension.swift"; sourceTree = "<group>"; };
		EAFA253FA274A7371D432EDC /* Pods-RegisterAppTest.release.xcconfig */ = {isa = PBXFileReference; includeInIndex = 1; lastKnownFileType = text.xcconfig; name = "Pods-RegisterAppTest.release.xcconfig"; path = "Target Support Files/Pods-RegisterAppTest/Pods-RegisterAppTest.release.xcconfig"; sourceTree = "<group>"; };
/* End PBXFileReference section */

/* Begin PBXFrameworksBuildPhase section */
		6741B9B32953B1B800AF206A /* Frameworks */ = {
			isa = PBXFrameworksBuildPhase;
			buildActionMask = 2147483647;
			files = (
				E261857C21D3B874576EFA9A /* libPods-RegisterAppTest.a in Frameworks */,
			);
			runOnlyForDeploymentPostprocessing = 0;
		};
/* End PBXFrameworksBuildPhase section */

/* Begin PBXGroup section */
		2789EE4C5CC3C97C1C0576FA /* Frameworks */ = {
			isa = PBXGroup;
			children = (
				3D96C584FB607FCD6D00EF2F /* libPods-RegisterAppTest.a */,
			);
			name = Frameworks;
			sourceTree = "<group>";
		};
		3CEF140463FF2D044F7D20B5 /* Pods */ = {
			isa = PBXGroup;
			children = (
				2312AF7532AED0490F1FCC98 /* Pods-RegisterAppTest.debug.xcconfig */,
				EAFA253FA274A7371D432EDC /* Pods-RegisterAppTest.release.xcconfig */,
			);
			path = Pods;
			sourceTree = "<group>";
		};
		6741B9AD2953B1B800AF206A = {
			isa = PBXGroup;
			children = (
				6741B9B82953B1B800AF206A /* RegisterAppTest */,
				6741B9B72953B1B800AF206A /* Products */,
				3CEF140463FF2D044F7D20B5 /* Pods */,
				2789EE4C5CC3C97C1C0576FA /* Frameworks */,
			);
			sourceTree = "<group>";
		};
		6741B9B72953B1B800AF206A /* Products */ = {
			isa = PBXGroup;
			children = (
				6741B9B62953B1B800AF206A /* RegisterAppTest.app */,
			);
			name = Products;
			sourceTree = "<group>";
		};
		6741B9B82953B1B800AF206A /* RegisterAppTest */ = {
			isa = PBXGroup;
			children = (
				677381D0295726BE00B134B6 /* Models */,
				678D1FA12953BA19000001B5 /* Controllers */,
				678D1FA02953B9D2000001B5 /* Applications */,
				677381CD295725A700B134B6 /* Servises */,
				678D1FA32953BA38000001B5 /* Extentions */,
				678D1F9F2953B8ED000001B5 /* Resources */,
			);
			path = RegisterAppTest;
			sourceTree = "<group>";
		};
		677381CD295725A700B134B6 /* Servises */ = {
			isa = PBXGroup;
			children = (
				677381CE295725D300B134B6 /* UserDefeultsManager.swift */,
			);
			path = Servises;
			sourceTree = "<group>";
		};
		677381D0295726BE00B134B6 /* Models */ = {
			isa = PBXGroup;
			children = (
				677381D1295726CE00B134B6 /* UserModel.swift */,
			);
			path = Models;
			sourceTree = "<group>";
		};
		678D1F9F2953B8ED000001B5 /* Resources */ = {
			isa = PBXGroup;
			children = (
				6741B9C42953B1BA00AF206A /* LaunchScreen.storyboard */,
				6741B9C22953B1BA00AF206A /* Assets.xcassets */,
				6741B9C72953B1BA00AF206A /* Info.plist */,
			);
			path = Resources;
			sourceTree = "<group>";
		};
		678D1FA02953B9D2000001B5 /* Applications */ = {
			isa = PBXGroup;
			children = (
				6741B9B92953B1B800AF206A /* AppDelegate.swift */,
				67CD461E29543D50001F74AF /* SceneDelegate.swift */,
			);
			path = Applications;
			sourceTree = "<group>";
		};
		678D1FA12953BA19000001B5 /* Controllers */ = {
			isa = PBXGroup;
			children = (
				678D1FA22953BA25000001B5 /* Cells */,
				6741B9BD2953B1B800AF206A /* AuthViewController.swift */,
				67A3E3182953CEFF0081F3A1 /* SignUpViewController.swift */,
				67A3E3142953CECA0081F3A1 /* AlbumsViewController.swift */,
				67A3E3162953CEE40081F3A1 /* DetailAlbumViewController.swift */,
				67A3E31A2953CF170081F3A1 /* UserInfoViewController.swift */,
			);
			path = Controllers;
			sourceTree = "<group>";
		};
		678D1FA22953BA25000001B5 /* Cells */ = {
			isa = PBXGroup;
			children = (
				67A3E31C2953CF4C0081F3A1 /* AlbumsTableViewCell.swift */,
				67A3E31E2953CF680081F3A1 /* SongsCollectionViewCell.swift */,
			);
			path = Cells;
			sourceTree = "<group>";
		};
		678D1FA32953BA38000001B5 /* Extentions */ = {
			isa = PBXGroup;
			children = (
				67CD465429544B55001F74AF /* UIStackView + Extension.swift */,
				67CD465629544B6B001F74AF /* UIViewController + Extension.swift */,
				677381CB2954E9A800B134B6 /* String + Extention.swift */,
			);
			path = Extentions;
			sourceTree = "<group>";
		};
/* End PBXGroup section */

/* Begin PBXNativeTarget section */
		6741B9B52953B1B800AF206A /* RegisterAppTest */ = {
			isa = PBXNativeTarget;
			buildConfigurationList = 6741B9CA2953B1BA00AF206A /* Build configuration list for PBXNativeTarget "RegisterAppTest" */;
			buildPhases = (
				937322521FCE1AC7DAF293B4 /* [CP] Check Pods Manifest.lock */,
				6741B9B22953B1B800AF206A /* Sources */,
				6741B9B32953B1B800AF206A /* Frameworks */,
				6741B9B42953B1B800AF206A /* Resources */,
			);
			buildRules = (
			);
			dependencies = (
			);
			name = RegisterAppTest;
			productName = RegisterAppTest;
			productReference = 6741B9B62953B1B800AF206A /* RegisterAppTest.app */;
			productType = "com.apple.product-type.application";
		};
/* End PBXNativeTarget section */

/* Begin PBXProject section */
		6741B9AE2953B1B800AF206A /* Project object */ = {
			isa = PBXProject;
			attributes = {
				BuildIndependentTargetsInParallel = 1;
				LastSwiftUpdateCheck = 1420;
				LastUpgradeCheck = 1420;
				TargetAttributes = {
					6741B9B52953B1B800AF206A = {
						CreatedOnToolsVersion = 14.2;
					};
				};
			};
			buildConfigurationList = 6741B9B12953B1B800AF206A /* Build configuration list for PBXProject "RegisterAppTest" */;
			compatibilityVersion = "Xcode 14.0";
			developmentRegion = en;
			hasScannedForEncodings = 0;
			knownRegions = (
				en,
				Base,
			);
			mainGroup = 6741B9AD2953B1B800AF206A;
			productRefGroup = 6741B9B72953B1B800AF206A /* Products */;
			projectDirPath = "";
			projectRoot = "";
			targets = (
				6741B9B52953B1B800AF206A /* RegisterAppTest */,
			);
		};
/* End PBXProject section */

/* Begin PBXResourcesBuildPhase section */
		6741B9B42953B1B800AF206A /* Resources */ = {
			isa = PBXResourcesBuildPhase;
			buildActionMask = 2147483647;
			files = (
				6741B9C62953B1BA00AF206A /* LaunchScreen.storyboard in Resources */,
				6741B9C32953B1BA00AF206A /* Assets.xcassets in Resources */,
			);
			runOnlyForDeploymentPostprocessing = 0;
		};
/* End PBXResourcesBuildPhase section */

/* Begin PBXShellScriptBuildPhase section */
		937322521FCE1AC7DAF293B4 /* [CP] Check Pods Manifest.lock */ = {
			isa = PBXShellScriptBuildPhase;
			buildActionMask = 2147483647;
			files = (
			);
			inputFileListPaths = (
			);
			inputPaths = (
				"${PODS_PODFILE_DIR_PATH}/Podfile.lock",
				"${PODS_ROOT}/Manifest.lock",
			);
			name = "[CP] Check Pods Manifest.lock";
			outputFileListPaths = (
			);
			outputPaths = (
				"$(DERIVED_FILE_DIR)/Pods-RegisterAppTest-checkManifestLockResult.txt",
			);
			runOnlyForDeploymentPostprocessing = 0;
			shellPath = /bin/sh;
			shellScript = "diff \"${PODS_PODFILE_DIR_PATH}/Podfile.lock\" \"${PODS_ROOT}/Manifest.lock\" > /dev/null\nif [ $? != 0 ] ; then\n    # print error to STDERR\n    echo \"error: The sandbox is not in sync with the Podfile.lock. Run 'pod install' or update your CocoaPods installation.\" >&2\n    exit 1\nfi\n# This output is used by Xcode 'outputs' to avoid re-running this script phase.\necho \"SUCCESS\" > \"${SCRIPT_OUTPUT_FILE_0}\"\n";
			showEnvVarsInLog = 0;
		};
/* End PBXShellScriptBuildPhase section */

/* Begin PBXSourcesBuildPhase section */
		6741B9B22953B1B800AF206A /* Sources */ = {
			isa = PBXSourcesBuildPhase;
			buildActionMask = 2147483647;
			files = (
				67CD465729544B6B001F74AF /* UIViewController + Extension.swift in Sources */,
				6741B9BE2953B1B800AF206A /* AuthViewController.swift in Sources */,
				67A3E31F2953CF680081F3A1 /* SongsCollectionViewCell.swift in Sources */,
				67CD461F29543D50001F74AF /* SceneDelegate.swift in Sources */,
				67CD465529544B55001F74AF /* UIStackView + Extension.swift in Sources */,
				67A3E31B2953CF170081F3A1 /* UserInfoViewController.swift in Sources */,
				677381CF295725D300B134B6 /* UserDefeultsManager.swift in Sources */,
				67A3E3172953CEE40081F3A1 /* DetailAlbumViewController.swift in Sources */,
				677381D2295726CE00B134B6 /* UserModel.swift in Sources */,
				677381CC2954E9A800B134B6 /* String + Extention.swift in Sources */,
				6741B9BA2953B1B800AF206A /* AppDelegate.swift in Sources */,
				67A3E3152953CECA0081F3A1 /* AlbumsViewController.swift in Sources */,
				67A3E31D2953CF4C0081F3A1 /* AlbumsTableViewCell.swift in Sources */,
				67A3E3192953CEFF0081F3A1 /* SignUpViewController.swift in Sources */,
			);
			runOnlyForDeploymentPostprocessing = 0;
		};
/* End PBXSourcesBuildPhase section */

/* Begin PBXVariantGroup section */
		6741B9C42953B1BA00AF206A /* LaunchScreen.storyboard */ = {
			isa = PBXVariantGroup;
			children = (
				6741B9C52953B1BA00AF206A /* Base */,
			);
			name = LaunchScreen.storyboard;
			sourceTree = "<group>";
		};
/* End PBXVariantGroup section */

/* Begin XCBuildConfiguration section */
		6741B9C82953B1BA00AF206A /* Debug */ = {
			isa = XCBuildConfiguration;
			buildSettings = {
				ALWAYS_SEARCH_USER_PATHS = NO;
				CLANG_ANALYZER_NONNULL = YES;
				CLANG_ANALYZER_NUMBER_OBJECT_CONVERSION = YES_AGGRESSIVE;
				CLANG_CXX_LANGUAGE_STANDARD = "gnu++20";
				CLANG_ENABLE_MODULES = YES;
				CLANG_ENABLE_OBJC_ARC = YES;
				CLANG_ENABLE_OBJC_WEAK = YES;
				CLANG_WARN_BLOCK_CAPTURE_AUTORELEASING = YES;
				CLANG_WARN_BOOL_CONVERSION = YES;
				CLANG_WARN_COMMA = YES;
				CLANG_WARN_CONSTANT_CONVERSION = YES;
				CLANG_WARN_DEPRECATED_OBJC_IMPLEMENTATIONS = YES;
				CLANG_WARN_DIRECT_OBJC_ISA_USAGE = YES_ERROR;
				CLANG_WARN_DOCUMENTATION_COMMENTS = YES;
				CLANG_WARN_EMPTY_BODY = YES;
				CLANG_WARN_ENUM_CONVERSION = YES;
				CLANG_WARN_INFINITE_RECURSION = YES;
				CLANG_WARN_INT_CONVERSION = YES;
				CLANG_WARN_NON_LITERAL_NULL_CONVERSION = YES;
				CLANG_WARN_OBJC_IMPLICIT_RETAIN_SELF = YES;
				CLANG_WARN_OBJC_LITERAL_CONVERSION = YES;
				CLANG_WARN_OBJC_ROOT_CLASS = YES_ERROR;
				CLANG_WARN_QUOTED_INCLUDE_IN_FRAMEWORK_HEADER = YES;
				CLANG_WARN_RANGE_LOOP_ANALYSIS = YES;
				CLANG_WARN_STRICT_PROTOTYPES = YES;
				CLANG_WARN_SUSPICIOUS_MOVE = YES;
				CLANG_WARN_UNGUARDED_AVAILABILITY = YES_AGGRESSIVE;
				CLANG_WARN_UNREACHABLE_CODE = YES;
				CLANG_WARN__DUPLICATE_METHOD_MATCH = YES;
				COPY_PHASE_STRIP = NO;
				DEBUG_INFORMATION_FORMAT = dwarf;
				ENABLE_STRICT_OBJC_MSGSEND = YES;
				ENABLE_TESTABILITY = YES;
				GCC_C_LANGUAGE_STANDARD = gnu11;
				GCC_DYNAMIC_NO_PIC = NO;
				GCC_NO_COMMON_BLOCKS = YES;
				GCC_OPTIMIZATION_LEVEL = 0;
				GCC_PREPROCESSOR_DEFINITIONS = (
					"DEBUG=1",
					"$(inherited)",
				);
				GCC_WARN_64_TO_32_BIT_CONVERSION = YES;
				GCC_WARN_ABOUT_RETURN_TYPE = YES_ERROR;
				GCC_WARN_UNDECLARED_SELECTOR = YES;
				GCC_WARN_UNINITIALIZED_AUTOS = YES_AGGRESSIVE;
				GCC_WARN_UNUSED_FUNCTION = YES;
				GCC_WARN_UNUSED_VARIABLE = YES;
				IPHONEOS_DEPLOYMENT_TARGET = 16.2;
				MTL_ENABLE_DEBUG_INFO = INCLUDE_SOURCE;
				MTL_FAST_MATH = YES;
				ONLY_ACTIVE_ARCH = YES;
				SDKROOT = iphoneos;
				SWIFT_ACTIVE_COMPILATION_CONDITIONS = DEBUG;
				SWIFT_OPTIMIZATION_LEVEL = "-Onone";
			};
			name = Debug;
		};
		6741B9C92953B1BA00AF206A /* Release */ = {
			isa = XCBuildConfiguration;
			buildSettings = {
				ALWAYS_SEARCH_USER_PATHS = NO;
				CLANG_ANALYZER_NONNULL = YES;
				CLANG_ANALYZER_NUMBER_OBJECT_CONVERSION = YES_AGGRESSIVE;
				CLANG_CXX_LANGUAGE_STANDARD = "gnu++20";
				CLANG_ENABLE_MODULES = YES;
				CLANG_ENABLE_OBJC_ARC = YES;
				CLANG_ENABLE_OBJC_WEAK = YES;
				CLANG_WARN_BLOCK_CAPTURE_AUTORELEASING = YES;
				CLANG_WARN_BOOL_CONVERSION = YES;
				CLANG_WARN_COMMA = YES;
				CLANG_WARN_CONSTANT_CONVERSION = YES;
				CLANG_WARN_DEPRECATED_OBJC_IMPLEMENTATIONS = YES;
				CLANG_WARN_DIRECT_OBJC_ISA_USAGE = YES_ERROR;
				CLANG_WARN_DOCUMENTATION_COMMENTS = YES;
				CLANG_WARN_EMPTY_BODY = YES;
				CLANG_WARN_ENUM_CONVERSION = YES;
				CLANG_WARN_INFINITE_RECURSION = YES;
				CLANG_WARN_INT_CONVERSION = YES;
				CLANG_WARN_NON_LITERAL_NULL_CONVERSION = YES;
				CLANG_WARN_OBJC_IMPLICIT_RETAIN_SELF = YES;
				CLANG_WARN_OBJC_LITERAL_CONVERSION = YES;
				CLANG_WARN_OBJC_ROOT_CLASS = YES_ERROR;
				CLANG_WARN_QUOTED_INCLUDE_IN_FRAMEWORK_HEADER = YES;
				CLANG_WARN_RANGE_LOOP_ANALYSIS = YES;
				CLANG_WARN_STRICT_PROTOTYPES = YES;
				CLANG_WARN_SUSPICIOUS_MOVE = YES;
				CLANG_WARN_UNGUARDED_AVAILABILITY = YES_AGGRESSIVE;
				CLANG_WARN_UNREACHABLE_CODE = YES;
				CLANG_WARN__DUPLICATE_METHOD_MATCH = YES;
				COPY_PHASE_STRIP = NO;
				DEBUG_INFORMATION_FORMAT = "dwarf-with-dsym";
				ENABLE_NS_ASSERTIONS = NO;
				ENABLE_STRICT_OBJC_MSGSEND = YES;
				GCC_C_LANGUAGE_STANDARD = gnu11;
				GCC_NO_COMMON_BLOCKS = YES;
				GCC_WARN_64_TO_32_BIT_CONVERSION = YES;
				GCC_WARN_ABOUT_RETURN_TYPE = YES_ERROR;
				GCC_WARN_UNDECLARED_SELECTOR = YES;
				GCC_WARN_UNINITIALIZED_AUTOS = YES_AGGRESSIVE;
				GCC_WARN_UNUSED_FUNCTION = YES;
				GCC_WARN_UNUSED_VARIABLE = YES;
				IPHONEOS_DEPLOYMENT_TARGET = 16.2;
				MTL_ENABLE_DEBUG_INFO = NO;
				MTL_FAST_MATH = YES;
				SDKROOT = iphoneos;
				SWIFT_COMPILATION_MODE = wholemodule;
				SWIFT_OPTIMIZATION_LEVEL = "-O";
				VALIDATE_PRODUCT = YES;
			};
			name = Release;
		};
		6741B9CB2953B1BA00AF206A /* Debug */ = {
			isa = XCBuildConfiguration;
			baseConfigurationReference = 2312AF7532AED0490F1FCC98 /* Pods-RegisterAppTest.debug.xcconfig */;
			buildSettings = {
				ASSETCATALOG_COMPILER_APPICON_NAME = AppIcon;
				ASSETCATALOG_COMPILER_GLOBAL_ACCENT_COLOR_NAME = AccentColor;
				CODE_SIGN_STYLE = Automatic;
				CURRENT_PROJECT_VERSION = 1;
				DEVELOPMENT_TEAM = 5434634X8A;
				GENERATE_INFOPLIST_FILE = YES;
				INFOPLIST_FILE = RegisterAppTest/Resources/Info.plist;
				INFOPLIST_KEY_UIApplicationSupportsIndirectInputEvents = YES;
				INFOPLIST_KEY_UILaunchStoryboardName = LaunchScreen;
				INFOPLIST_KEY_UISupportedInterfaceOrientations_iPad = "UIInterfaceOrientationPortrait UIInterfaceOrientationPortraitUpsideDown UIInterfaceOrientationLandscapeLeft UIInterfaceOrientationLandscapeRight";
				INFOPLIST_KEY_UISupportedInterfaceOrientations_iPhone = "UIInterfaceOrientationPortrait UIInterfaceOrientationLandscapeLeft UIInterfaceOrientationLandscapeRight";
				LD_RUNPATH_SEARCH_PATHS = (
					"$(inherited)",
					"@executable_path/Frameworks",
				);
				MARKETING_VERSION = 1.0;
				PRODUCT_BUNDLE_IDENTIFIER = "IOS-Kids.RegisterAppTest";
				PRODUCT_NAME = "$(TARGET_NAME)";
				SWIFT_EMIT_LOC_STRINGS = YES;
				SWIFT_VERSION = 5.0;
				TARGETED_DEVICE_FAMILY = "1,2";
			};
			name = Debug;
		};
		6741B9CC2953B1BA00AF206A /* Release */ = {
			isa = XCBuildConfiguration;
			baseConfigurationReference = EAFA253FA274A7371D432EDC /* Pods-RegisterAppTest.release.xcconfig */;
			buildSettings = {
				ASSETCATALOG_COMPILER_APPICON_NAME = AppIcon;
				ASSETCATALOG_COMPILER_GLOBAL_ACCENT_COLOR_NAME = AccentColor;
				CODE_SIGN_STYLE = Automatic;
				CURRENT_PROJECT_VERSION = 1;
				DEVELOPMENT_TEAM = 5434634X8A;
				GENERATE_INFOPLIST_FILE = YES;
				INFOPLIST_FILE = RegisterAppTest/Resources/Info.plist;
				INFOPLIST_KEY_UIApplicationSupportsIndirectInputEvents = YES;
				INFOPLIST_KEY_UILaunchStoryboardName = LaunchScreen;
				INFOPLIST_KEY_UISupportedInterfaceOrientations_iPad = "UIInterfaceOrientationPortrait UIInterfaceOrientationPortraitUpsideDown UIInterfaceOrientationLandscapeLeft UIInterfaceOrientationLandscapeRight";
				INFOPLIST_KEY_UISupportedInterfaceOrientations_iPhone = "UIInterfaceOrientationPortrait UIInterfaceOrientationLandscapeLeft UIInterfaceOrientationLandscapeRight";
				LD_RUNPATH_SEARCH_PATHS = (
					"$(inherited)",
					"@executable_path/Frameworks",
				);
				MARKETING_VERSION = 1.0;
				PRODUCT_BUNDLE_IDENTIFIER = "IOS-Kids.RegisterAppTest";
				PRODUCT_NAME = "$(TARGET_NAME)";
				SWIFT_EMIT_LOC_STRINGS = YES;
				SWIFT_VERSION = 5.0;
				TARGETED_DEVICE_FAMILY = "1,2";
			};
			name = Release;
		};
/* End XCBuildConfiguration section */

/* Begin XCConfigurationList section */
		6741B9B12953B1B800AF206A /* Build configuration list for PBXProject "RegisterAppTest" */ = {
			isa = XCConfigurationList;
			buildConfigurations = (
				6741B9C82953B1BA00AF206A /* Debug */,
				6741B9C92953B1BA00AF206A /* Release */,
			);
			defaultConfigurationIsVisible = 0;
			defaultConfigurationName = Release;
		};
		6741B9CA2953B1BA00AF206A /* Build configuration list for PBXNativeTarget "RegisterAppTest" */ = {
			isa = XCConfigurationList;
			buildConfigurations = (
				6741B9CB2953B1BA00AF206A /* Debug */,
				6741B9CC2953B1BA00AF206A /* Release */,
			);
			defaultConfigurationIsVisible = 0;
			defaultConfigurationName = Release;
		};
/* End XCConfigurationList section */
	};
	rootObject = 6741B9AE2953B1B800AF206A /* Project object */;
}
